
Microsoft Visual Studio Solution File, Format Version 12.00
# Visual Studio 15
VisualStudioVersion = 15.0.27703.2042
MinimumVisualStudioVersion = 10.0.40219.1
Project("{FAE04EC0-301F-11D3-BF4B-00C04F79EFBC}") = "BlazorPasswordPattern", "BlazorPasswordPattern\BlazorPasswordPattern.csproj", "{FF76AC0D-F1C1-446A-AFBC-A1A0AE83A333}"
EndProject
Project("{9A19103F-16F7-4668-BE54-9A1E7A4F7556}") = "BlazorPasswordPatternComponent", "BlazorPasswordPatternComponent\BlazorPasswordPatternComponent.csproj", "{C07235CC-EB52-45B9-8969-6B350A7261C5}"
EndProject
Global
	GlobalSection(SolutionConfigurationPlatforms) = preSolution
		Debug|Any CPU = Debug|Any CPU
		Release|Any CPU = Release|Any CPU
	EndGlobalSection
	GlobalSection(ProjectConfigurationPlatforms) = postSolution
		{FF76AC0D-F1C1-446A-AFBC-A1A0AE83A333}.Debug|Any CPU.ActiveCfg = Debug|Any CPU
		{FF76AC0D-F1C1-446A-AFBC-A1A0AE83A333}.Debug|Any CPU.Build.0 = Debug|Any CPU
		{FF76AC0D-F1C1-446A-AFBC-A1A0AE83A333}.Release|Any CPU.ActiveCfg = Release|Any CPU
		{FF76AC0D-F1C1-446A-AFBC-A1A0AE83A333}.Release|Any CPU.Build.0 = Release|Any CPU
		{C07235CC-EB52-45B9-8969-6B350A7261C5}.Debug|Any CPU.ActiveCfg = Debug|Any CPU
		{C07235CC-EB52-45B9-8969-6B350A7261C5}.Debug|Any CPU.Build.0 = Debug|Any CPU
		{C07235CC-EB52-45B9-8969-6B350A7261C5}.Release|Any CPU.ActiveCfg = Release|Any CPU
		{C07235CC-EB52-45B9-8969-6B350A7261C5}.Release|Any CPU.Build.0 = Release|Any CPU
	EndGlobalSection
	GlobalSection(SolutionProperties) = preSolution
		HideSolutionNode = FALSE
	EndGlobalSection
	GlobalSection(ExtensibilityGlobals) = postSolution
		SolutionGuid = {650104D3-0CE7-43B7-AEA9-5413A8274B36}
	EndGlobalSection
EndGlobal
